
Microsoft Visual Studio Solution File, Format Version 12.00
# Visual Studio Express 2012 for Windows Desktop
Project("{FAE04EC0-301F-11D3-BF4B-00C04F79EFBC}") = "TestApp", "TestApp\TestApp.csproj", "{278C1AE7-65C0-4AFF-BF12-7541B5C2BCC0}"
	ProjectSection(ProjectDependencies) = postProject
		{47DA7F46-A012-4C45-B6B7-4EE77566EE1C} = {47DA7F46-A012-4C45-B6B7-4EE77566EE1C}
	EndProjectSection
EndProject
Project("{FAE04EC0-301F-11D3-BF4B-00C04F79EFBC}") = "RULTest", "RULTest\RULTest.csproj", "{31681582-F6B0-4F6A-9F52-CCDD6011B2CA}"
	ProjectSection(ProjectDependencies) = postProject
		{47DA7F46-A012-4C45-B6B7-4EE77566EE1C} = {47DA7F46-A012-4C45-B6B7-4EE77566EE1C}
	EndProjectSection
EndProject
Project("{FAE04EC0-301F-11D3-BF4B-00C04F79EFBC}") = "RUL", "RUL\RUL.csproj", "{47DA7F46-A012-4C45-B6B7-4EE77566EE1C}"
EndProject
Global
	GlobalSection(SolutionConfigurationPlatforms) = preSolution
		Debug|Any CPU = Debug|Any CPU
		Release|Any CPU = Release|Any CPU
	EndGlobalSection
	GlobalSection(ProjectConfigurationPlatforms) = postSolution
		{278C1AE7-65C0-4AFF-BF12-7541B5C2BCC0}.Debug|Any CPU.ActiveCfg = Debug|Any CPU
		{278C1AE7-65C0-4AFF-BF12-7541B5C2BCC0}.Debug|Any CPU.Build.0 = Debug|Any CPU
		{278C1AE7-65C0-4AFF-BF12-7541B5C2BCC0}.Release|Any CPU.ActiveCfg = Release|Any CPU
		{278C1AE7-65C0-4AFF-BF12-7541B5C2BCC0}.Release|Any CPU.Build.0 = Release|Any CPU
		{31681582-F6B0-4F6A-9F52-CCDD6011B2CA}.Debug|Any CPU.ActiveCfg = Debug|Any CPU
		{31681582-F6B0-4F6A-9F52-CCDD6011B2CA}.Debug|Any CPU.Build.0 = Debug|Any CPU
		{31681582-F6B0-4F6A-9F52-CCDD6011B2CA}.Release|Any CPU.ActiveCfg = Release|Any CPU
		{31681582-F6B0-4F6A-9F52-CCDD6011B2CA}.Release|Any CPU.Build.0 = Release|Any CPU
		{47DA7F46-A012-4C45-B6B7-4EE77566EE1C}.Debug|Any CPU.ActiveCfg = Debug|Any CPU
		{47DA7F46-A012-4C45-B6B7-4EE77566EE1C}.Debug|Any CPU.Build.0 = Debug|Any CPU
		{47DA7F46-A012-4C45-B6B7-4EE77566EE1C}.Release|Any CPU.ActiveCfg = Release|Any CPU
		{47DA7F46-A012-4C45-B6B7-4EE77566EE1C}.Release|Any CPU.Build.0 = Release|Any CPU
	EndGlobalSection
	GlobalSection(SolutionProperties) = preSolution
		HideSolutionNode = FALSE
	EndGlobalSection
EndGlobal
